Microsoft Visual Studio Solution File, Format Version 12.00
# Visual Studio Version 17
VisualStudioVersion = 17.5.2.0
MinimumVisualStudioVersion = 10.0.40219.1
Project("{FAE04EC0-301F-11D3-BF4B-00C04F79EFBC}") = "fundoo-notes", "fundoo-notes.csproj", "{BD6F78A8-7F71-061D-2350-68E814011653}"
EndProject
Global
	GlobalSection(SolutionConfigurationPlatforms) = preSolution
		Debug|Any CPU = Debug|Any CPU
		Release|Any CPU = Release|Any CPU
	EndGlobalSection
	GlobalSection(ProjectConfigurationPlatforms) = postSolution
		{BD6F78A8-7F71-061D-2350-68E814011653}.Debug|Any CPU.ActiveCfg = Debug|Any CPU
		{BD6F78A8-7F71-061D-2350-68E814011653}.Debug|Any CPU.Build.0 = Debug|Any CPU
		{BD6F78A8-7F71-061D-2350-68E814011653}.Release|Any CPU.ActiveCfg = Release|Any CPU
		{BD6F78A8-7F71-061D-2350-68E814011653}.Release|Any CPU.Build.0 = Release|Any CPU
	EndGlobalSection
	GlobalSection(SolutionProperties) = preSolution
		HideSolutionNode = FALSE
	EndGlobalSection
	GlobalSection(ExtensibilityGlobals) = postSolution
		SolutionGuid = {785407C3-708E-4B35-9F5D-581E5001DE18}
	EndGlobalSection
EndGlobal
